
Microsoft Visual Studio Solution File, Format Version 12.00
# Visual Studio 14
VisualStudioVersion = 14.0.24720.0
MinimumVisualStudioVersion = 10.0.40219.1
Project("{FAE04EC0-301F-11D3-BF4B-00C04F79EFBC}") = "Madera", "Madera\Madera.csproj", "{EDE252B3-2E5E-453A-9A23-EAFB6F81C30D}"
EndProject
Project("{FAE04EC0-301F-11D3-BF4B-00C04F79EFBC}") = "Madera.Tests", "Madera.Tests\Madera.Tests.csproj", "{C83EF676-D5F0-4255-B5D5-CEA995A96455}"
EndProject
Project("{FAE04EC0-301F-11D3-BF4B-00C04F79EFBC}") = "EntityF", "EntityF\EntityF.csproj", "{914256F5-69CE-4190-BA3A-594812FDA9A8}"
EndProject
Project("{FAE04EC0-301F-11D3-BF4B-00C04F79EFBC}") = "DataAccess", "DataAcces\DataAccess.csproj", "{6C7133A0-2495-449E-9ABE-92701940AD49}"
EndProject
Global
	GlobalSection(SolutionConfigurationPlatforms) = preSolution
		Debug|Any CPU = Debug|Any CPU
		Release|Any CPU = Release|Any CPU
	EndGlobalSection
	GlobalSection(ProjectConfigurationPlatforms) = postSolution
		{EDE252B3-2E5E-453A-9A23-EAFB6F81C30D}.Debug|Any CPU.ActiveCfg = Debug|Any CPU
		{EDE252B3-2E5E-453A-9A23-EAFB6F81C30D}.Debug|Any CPU.Build.0 = Debug|Any CPU
		{EDE252B3-2E5E-453A-9A23-EAFB6F81C30D}.Release|Any CPU.ActiveCfg = Release|Any CPU
		{EDE252B3-2E5E-453A-9A23-EAFB6F81C30D}.Release|Any CPU.Build.0 = Release|Any CPU
		{C83EF676-D5F0-4255-B5D5-CEA995A96455}.Debug|Any CPU.ActiveCfg = Debug|Any CPU
		{C83EF676-D5F0-4255-B5D5-CEA995A96455}.Debug|Any CPU.Build.0 = Debug|Any CPU
		{C83EF676-D5F0-4255-B5D5-CEA995A96455}.Release|Any CPU.ActiveCfg = Release|Any CPU
		{C83EF676-D5F0-4255-B5D5-CEA995A96455}.Release|Any CPU.Build.0 = Release|Any CPU
		{914256F5-69CE-4190-BA3A-594812FDA9A8}.Debug|Any CPU.ActiveCfg = Debug|Any CPU
		{914256F5-69CE-4190-BA3A-594812FDA9A8}.Debug|Any CPU.Build.0 = Debug|Any CPU
		{914256F5-69CE-4190-BA3A-594812FDA9A8}.Release|Any CPU.ActiveCfg = Release|Any CPU
		{914256F5-69CE-4190-BA3A-594812FDA9A8}.Release|Any CPU.Build.0 = Release|Any CPU
		{6C7133A0-2495-449E-9ABE-92701940AD49}.Debug|Any CPU.ActiveCfg = Debug|Any CPU
		{6C7133A0-2495-449E-9ABE-92701940AD49}.Debug|Any CPU.Build.0 = Debug|Any CPU
		{6C7133A0-2495-449E-9ABE-92701940AD49}.Release|Any CPU.ActiveCfg = Release|Any CPU
		{6C7133A0-2495-449E-9ABE-92701940AD49}.Release|Any CPU.Build.0 = Release|Any CPU
	EndGlobalSection
	GlobalSection(SolutionProperties) = preSolution
		HideSolutionNode = FALSE
	EndGlobalSection
EndGlobal
